
Microsoft Visual Studio Solution File, Format Version 12.00
# Visual Studio Version 17
VisualStudioVersion = 17.14.36429.23
MinimumVisualStudioVersion = 10.0.40219.1
Project("{FAE04EC0-301F-11D3-BF4B-00C04F79EFBC}") = "SOLID", "SOLID\SOLID.csproj", "{A047C08F-DBC1-4059-B8DE-F53C1F61D1C8}"
EndProject
Project("{FAE04EC0-301F-11D3-BF4B-00C04F79EFBC}") = "SRP", "SRP\SRP.csproj", "{E233E3E7-5126-4FDB-B960-28FBE0390067}"
EndProject
Project("{FAE04EC0-301F-11D3-BF4B-00C04F79EFBC}") = "OCP", "OCP\OCP.csproj", "{7DAD4ABB-32CF-47DD-A922-8A10BBB40FDE}"
EndProject
Project("{FAE04EC0-301F-11D3-BF4B-00C04F79EFBC}") = "LSP", "LSP\LSP.csproj", "{EB9C4C6A-7B62-451F-B2A4-5D4F5C800E97}"
EndProject
Project("{FAE04EC0-301F-11D3-BF4B-00C04F79EFBC}") = "ISP", "ISP\ISP.csproj", "{9041C1DC-6D86-4DF8-8E02-DC0BFC947439}"
EndProject
Project("{FAE04EC0-301F-11D3-BF4B-00C04F79EFBC}") = "DIP", "DIP\DIP.csproj", "{8655F146-1B7D-43A2-9388-725685676108}"
EndProject
Global
	GlobalSection(SolutionConfigurationPlatforms) = preSolution
		Debug|Any CPU = Debug|Any CPU
		Release|Any CPU = Release|Any CPU
	EndGlobalSection
	GlobalSection(ProjectConfigurationPlatforms) = postSolution
		{A047C08F-DBC1-4059-B8DE-F53C1F61D1C8}.Debug|Any CPU.ActiveCfg = Debug|Any CPU
		{A047C08F-DBC1-4059-B8DE-F53C1F61D1C8}.Debug|Any CPU.Build.0 = Debug|Any CPU
		{A047C08F-DBC1-4059-B8DE-F53C1F61D1C8}.Release|Any CPU.ActiveCfg = Release|Any CPU
		{A047C08F-DBC1-4059-B8DE-F53C1F61D1C8}.Release|Any CPU.Build.0 = Release|Any CPU
		{E233E3E7-5126-4FDB-B960-28FBE0390067}.Debug|Any CPU.ActiveCfg = Debug|Any CPU
		{E233E3E7-5126-4FDB-B960-28FBE0390067}.Debug|Any CPU.Build.0 = Debug|Any CPU
		{E233E3E7-5126-4FDB-B960-28FBE0390067}.Release|Any CPU.ActiveCfg = Release|Any CPU
		{E233E3E7-5126-4FDB-B960-28FBE0390067}.Release|Any CPU.Build.0 = Release|Any CPU
		{7DAD4ABB-32CF-47DD-A922-8A10BBB40FDE}.Debug|Any CPU.ActiveCfg = Debug|Any CPU
		{7DAD4ABB-32CF-47DD-A922-8A10BBB40FDE}.Debug|Any CPU.Build.0 = Debug|Any CPU
		{7DAD4ABB-32CF-47DD-A922-8A10BBB40FDE}.Release|Any CPU.ActiveCfg = Release|Any CPU
		{7DAD4ABB-32CF-47DD-A922-8A10BBB40FDE}.Release|Any CPU.Build.0 = Release|Any CPU
		{EB9C4C6A-7B62-451F-B2A4-5D4F5C800E97}.Debug|Any CPU.ActiveCfg = Debug|Any CPU
		{EB9C4C6A-7B62-451F-B2A4-5D4F5C800E97}.Debug|Any CPU.Build.0 = Debug|Any CPU
		{EB9C4C6A-7B62-451F-B2A4-5D4F5C800E97}.Release|Any CPU.ActiveCfg = Release|Any CPU
		{EB9C4C6A-7B62-451F-B2A4-5D4F5C800E97}.Release|Any CPU.Build.0 = Release|Any CPU
		{9041C1DC-6D86-4DF8-8E02-DC0BFC947439}.Debug|Any CPU.ActiveCfg = Debug|Any CPU
		{9041C1DC-6D86-4DF8-8E02-DC0BFC947439}.Debug|Any CPU.Build.0 = Debug|Any CPU
		{9041C1DC-6D86-4DF8-8E02-DC0BFC947439}.Release|Any CPU.ActiveCfg = Release|Any CPU
		{9041C1DC-6D86-4DF8-8E02-DC0BFC947439}.Release|Any CPU.Build.0 = Release|Any CPU
		{8655F146-1B7D-43A2-9388-725685676108}.Debug|Any CPU.ActiveCfg = Debug|Any CPU
		{8655F146-1B7D-43A2-9388-725685676108}.Debug|Any CPU.Build.0 = Debug|Any CPU
		{8655F146-1B7D-43A2-9388-725685676108}.Release|Any CPU.ActiveCfg = Release|Any CPU
		{8655F146-1B7D-43A2-9388-725685676108}.Release|Any CPU.Build.0 = Release|Any CPU
	EndGlobalSection
	GlobalSection(SolutionProperties) = preSolution
		HideSolutionNode = FALSE
	EndGlobalSection
	GlobalSection(ExtensibilityGlobals) = postSolution
		SolutionGuid = {E595F57A-4BC6-4CD5-B9C4-A4CFC63D97FB}
	EndGlobalSection
EndGlobal
