
Microsoft Visual Studio Solution File, Format Version 12.00
# Visual Studio Version 17
VisualStudioVersion = 17.14.37027.9 d17.14
MinimumVisualStudioVersion = 10.0.40219.1
Project("{FAE04EC0-301F-11D3-BF4B-00C04F79EFBC}") = "DatabaseBasics", "DatabaseBasics\DatabaseBasics.csproj", "{048FEA4E-FF48-4703-9CB9-AE469A8E7CC5}"
EndProject
Global
	GlobalSection(SolutionConfigurationPlatforms) = preSolution
		Debug|Any CPU = Debug|Any CPU
		Release|Any CPU = Release|Any CPU
	EndGlobalSection
	GlobalSection(ProjectConfigurationPlatforms) = postSolution
		{048FEA4E-FF48-4703-9CB9-AE469A8E7CC5}.Debug|Any CPU.ActiveCfg = Debug|Any CPU
		{048FEA4E-FF48-4703-9CB9-AE469A8E7CC5}.Debug|Any CPU.Build.0 = Debug|Any CPU
		{048FEA4E-FF48-4703-9CB9-AE469A8E7CC5}.Release|Any CPU.ActiveCfg = Release|Any CPU
		{048FEA4E-FF48-4703-9CB9-AE469A8E7CC5}.Release|Any CPU.Build.0 = Release|Any CPU
	EndGlobalSection
	GlobalSection(SolutionProperties) = preSolution
		HideSolutionNode = FALSE
	EndGlobalSection
	GlobalSection(ExtensibilityGlobals) = postSolution
		SolutionGuid = {0485F659-F79F-4B97-B97A-274A1EB9F38F}
	EndGlobalSection
EndGlobal
