
Microsoft Visual Studio Solution File, Format Version 12.00
# Visual Studio Version 17
VisualStudioVersion = 17.14.36429.23 d17.14
MinimumVisualStudioVersion = 10.0.40219.1
Project("{FAE04EC0-301F-11D3-BF4B-00C04F79EFBC}") = "Delegates", "Delegates\Delegates.csproj", "{F168833D-7188-48A1-AD2B-C9C4CEB16626}"
EndProject
Global
	GlobalSection(SolutionConfigurationPlatforms) = preSolution
		Debug|Any CPU = Debug|Any CPU
		Release|Any CPU = Release|Any CPU
	EndGlobalSection
	GlobalSection(ProjectConfigurationPlatforms) = postSolution
		{F168833D-7188-48A1-AD2B-C9C4CEB16626}.Debug|Any CPU.ActiveCfg = Debug|Any CPU
		{F168833D-7188-48A1-AD2B-C9C4CEB16626}.Debug|Any CPU.Build.0 = Debug|Any CPU
		{F168833D-7188-48A1-AD2B-C9C4CEB16626}.Release|Any CPU.ActiveCfg = Release|Any CPU
		{F168833D-7188-48A1-AD2B-C9C4CEB16626}.Release|Any CPU.Build.0 = Release|Any CPU
	EndGlobalSection
	GlobalSection(SolutionProperties) = preSolution
		HideSolutionNode = FALSE
	EndGlobalSection
	GlobalSection(ExtensibilityGlobals) = postSolution
		SolutionGuid = {FD99C34A-AFB8-4D97-A580-BB5363C16196}
	EndGlobalSection
EndGlobal
