
Microsoft Visual Studio Solution File, Format Version 12.00
# Visual Studio Version 17
VisualStudioVersion = 17.14.37027.9 d17.14
MinimumVisualStudioVersion = 10.0.40219.1
Project("{FAE04EC0-301F-11D3-BF4B-00C04F79EFBC}") = "LibraryAPI", "LibraryAPI\LibraryAPI.csproj", "{82125D01-5E78-4595-85DD-5DD971CFB356}"
EndProject
Global
	GlobalSection(SolutionConfigurationPlatforms) = preSolution
		Debug|Any CPU = Debug|Any CPU
		Release|Any CPU = Release|Any CPU
	EndGlobalSection
	GlobalSection(ProjectConfigurationPlatforms) = postSolution
		{82125D01-5E78-4595-85DD-5DD971CFB356}.Debug|Any CPU.ActiveCfg = Debug|Any CPU
		{82125D01-5E78-4595-85DD-5DD971CFB356}.Debug|Any CPU.Build.0 = Debug|Any CPU
		{82125D01-5E78-4595-85DD-5DD971CFB356}.Release|Any CPU.ActiveCfg = Release|Any CPU
		{82125D01-5E78-4595-85DD-5DD971CFB356}.Release|Any CPU.Build.0 = Release|Any CPU
	EndGlobalSection
	GlobalSection(SolutionProperties) = preSolution
		HideSolutionNode = FALSE
	EndGlobalSection
	GlobalSection(ExtensibilityGlobals) = postSolution
		SolutionGuid = {EE684B5C-F644-4EFD-9954-6BCDE1F81BFA}
	EndGlobalSection
EndGlobal
